github.com/gopherjs/gopherjs v1.17.2 h1:fQnZVsXk8uxXIStYb0N4bGk7jeyTalG/wsZjQ25dO0g=
github.com/gopherjs/gopherjs v1.17.2/go.mod h1:pRRIvn/QzFLrKfvEz3qUuEhtE/zLCWfreZ6J5gM2i+k=
honnef.co/go/js/dom v0.0.0-20250304181735-b5e52f05e89d h1:COs9HfZLbY0mepnD6VJ27HvV8Lkdoxbw/aP8lwqKTS4=
honnef.co/go/js/dom v0.0.0-20250304181735-b5e52f05e89d/go.mod h1:sUMDUKNB2ZcVjt92UnLy3cdGs+wDAcrPdV3JP6sVgA4=
